
Microsoft Visual Studio Solution File, Format Version 12.00
# Visual Studio Version 17
VisualStudioVersion = 17.14.36915.13 d17.14
MinimumVisualStudioVersion = 10.0.40219.1
Project("{FAE04EC0-301F-11D3-BF4B-00C04F79EFBC}") = "LuisNamini_Sql_git", "LuisNamini_Sql_git\LuisNamini_Sql_git.csproj", "{76DFDFA7-FD4E-473B-AE54-0E96102B18D5}"
EndProject
Global
	GlobalSection(SolutionConfigurationPlatforms) = preSolution
		Debug|Any CPU = Debug|Any CPU
		Release|Any CPU = Release|Any CPU
	EndGlobalSection
	GlobalSection(ProjectConfigurationPlatforms) = postSolution
		{76DFDFA7-FD4E-473B-AE54-0E96102B18D5}.Debug|Any CPU.ActiveCfg = Debug|Any CPU
		{76DFDFA7-FD4E-473B-AE54-0E96102B18D5}.Debug|Any CPU.Build.0 = Debug|Any CPU
		{76DFDFA7-FD4E-473B-AE54-0E96102B18D5}.Release|Any CPU.ActiveCfg = Release|Any CPU
		{76DFDFA7-FD4E-473B-AE54-0E96102B18D5}.Release|Any CPU.Build.0 = Release|Any CPU
	EndGlobalSection
	GlobalSection(SolutionProperties) = preSolution
		HideSolutionNode = FALSE
	EndGlobalSection
	GlobalSection(ExtensibilityGlobals) = postSolution
		SolutionGuid = {A936842A-49F4-4A54-8F88-5AA5CF131B6C}
	EndGlobalSection
EndGlobal
